
Microsoft Visual Studio Solution File, Format Version 12.00
# Visual Studio 15
VisualStudioVersion = 15.0.28010.2036
MinimumVisualStudioVersion = 10.0.40219.1
Project("{FAE04EC0-301F-11D3-BF4B-00C04F79EFBC}") = "AccountBalanceCalculator", "AccountBalanceCalculator\AccountBalanceCalculator.csproj", "{8DF0E716-E7EC-47B4-A48A-5F6833143179}"
EndProject
Global
	GlobalSection(SolutionConfigurationPlatforms) = preSolution
		Debug|Any CPU = Debug|Any CPU
		Release|Any CPU = Release|Any CPU
	EndGlobalSection
	GlobalSection(ProjectConfigurationPlatforms) = postSolution
		{8DF0E716-E7EC-47B4-A48A-5F6833143179}.Debug|Any CPU.ActiveCfg = Debug|Any CPU
		{8DF0E716-E7EC-47B4-A48A-5F6833143179}.Debug|Any CPU.Build.0 = Debug|Any CPU
		{8DF0E716-E7EC-47B4-A48A-5F6833143179}.Release|Any CPU.ActiveCfg = Release|Any CPU
		{8DF0E716-E7EC-47B4-A48A-5F6833143179}.Release|Any CPU.Build.0 = Release|Any CPU
	EndGlobalSection
	GlobalSection(SolutionProperties) = preSolution
		HideSolutionNode = FALSE
	EndGlobalSection
	GlobalSection(ExtensibilityGlobals) = postSolution
		SolutionGuid = {0531C122-5610-4D1B-A2E4-2D0D2B28E3FB}
	EndGlobalSection
EndGlobal
