
Microsoft Visual Studio Solution File, Format Version 12.00
# Visual Studio 15
VisualStudioVersion = 15.0.28010.2036
MinimumVisualStudioVersion = 10.0.40219.1
Project("{FAE04EC0-301F-11D3-BF4B-00C04F79EFBC}") = "ColorMixer", "ColorMixer\ColorMixer.csproj", "{7BD01570-D295-46FB-871E-D8C5B26539A6}"
EndProject
Global
	GlobalSection(SolutionConfigurationPlatforms) = preSolution
		Debug|Any CPU = Debug|Any CPU
		Release|Any CPU = Release|Any CPU
	EndGlobalSection
	GlobalSection(ProjectConfigurationPlatforms) = postSolution
		{7BD01570-D295-46FB-871E-D8C5B26539A6}.Debug|Any CPU.ActiveCfg = Debug|Any CPU
		{7BD01570-D295-46FB-871E-D8C5B26539A6}.Debug|Any CPU.Build.0 = Debug|Any CPU
		{7BD01570-D295-46FB-871E-D8C5B26539A6}.Release|Any CPU.ActiveCfg = Release|Any CPU
		{7BD01570-D295-46FB-871E-D8C5B26539A6}.Release|Any CPU.Build.0 = Release|Any CPU
	EndGlobalSection
	GlobalSection(SolutionProperties) = preSolution
		HideSolutionNode = FALSE
	EndGlobalSection
	GlobalSection(ExtensibilityGlobals) = postSolution
		SolutionGuid = {33DFD4CC-A9DE-4722-9D50-F13A65084B28}
	EndGlobalSection
EndGlobal
